
Microsoft Visual Studio Solution File, Format Version 12.00
# Visual Studio 15
VisualStudioVersion = 15.0.28010.2026
MinimumVisualStudioVersion = 10.0.40219.1
Project("{9092AA53-FB77-4645-B42D-1CCCA6BD08BD}") = "eosjs2", "eosjs2.njsproj", "{D6F74406-3F50-4D07-BE5C-7D007951C2F5}"
EndProject
Global
	GlobalSection(SolutionConfigurationPlatforms) = preSolution
		Debug|Any CPU = Debug|Any CPU
		Release|Any CPU = Release|Any CPU
	EndGlobalSection
	GlobalSection(ProjectConfigurationPlatforms) = postSolution
		{D6F74406-3F50-4D07-BE5C-7D007951C2F5}.Debug|Any CPU.ActiveCfg = Debug|Any CPU
		{D6F74406-3F50-4D07-BE5C-7D007951C2F5}.Debug|Any CPU.Build.0 = Debug|Any CPU
		{D6F74406-3F50-4D07-BE5C-7D007951C2F5}.Release|Any CPU.ActiveCfg = Release|Any CPU
		{D6F74406-3F50-4D07-BE5C-7D007951C2F5}.Release|Any CPU.Build.0 = Release|Any CPU
	EndGlobalSection
	GlobalSection(SolutionProperties) = preSolution
		HideSolutionNode = FALSE
	EndGlobalSection
	GlobalSection(ExtensibilityGlobals) = postSolution
		SolutionGuid = {23253A2F-47B0-4165-860E-9D3E07D15905}
	EndGlobalSection
EndGlobal
